
Microsoft Visual Studio Solution File, Format Version 12.00
# Visual Studio Version 16
VisualStudioVersion = 16.0.29806.167
MinimumVisualStudioVersion = 10.0.40219.1
Project("{9A19103F-16F7-4668-BE54-9A1E7A4F7556}") = "CityGovernance", "CityGovernance\CityGovernance.csproj", "{D844EB5C-2F6B-4BD9-8685-0E200E7DD611}"
EndProject
Project("{9A19103F-16F7-4668-BE54-9A1E7A4F7556}") = "CityGovernance.Domain", "CityGovernance.Domain\CityGovernance.Domain.csproj", "{9CDEC8AE-F473-4F51-9044-AD43BAB07CDB}"
EndProject
Project("{9A19103F-16F7-4668-BE54-9A1E7A4F7556}") = "CityGovernance.infra", "CityGovernance.infra\CityGovernance.infra.csproj", "{ADE6F417-3C74-42DE-AAD2-921F872EFDEE}"
EndProject
Project("{9A19103F-16F7-4668-BE54-9A1E7A4F7556}") = "CityGovernance.Services", "CityGovernance.Services\CityGovernance.Services.csproj", "{0C5BAFBA-803A-439B-9D21-2D6ED829F334}"
EndProject
Project("{FAE04EC0-301F-11D3-BF4B-00C04F79EFBC}") = "CityGovernance.Tests", "CityGovernance.Tests\CityGovernance.Tests.csproj", "{1FA89533-77B6-48BE-B401-9714E72D6CD5}"
EndProject
Global
	GlobalSection(SolutionConfigurationPlatforms) = preSolution
		Debug|Any CPU = Debug|Any CPU
		Release|Any CPU = Release|Any CPU
	EndGlobalSection
	GlobalSection(ProjectConfigurationPlatforms) = postSolution
		{D844EB5C-2F6B-4BD9-8685-0E200E7DD611}.Debug|Any CPU.ActiveCfg = Debug|Any CPU
		{D844EB5C-2F6B-4BD9-8685-0E200E7DD611}.Debug|Any CPU.Build.0 = Debug|Any CPU
		{D844EB5C-2F6B-4BD9-8685-0E200E7DD611}.Release|Any CPU.ActiveCfg = Release|Any CPU
		{D844EB5C-2F6B-4BD9-8685-0E200E7DD611}.Release|Any CPU.Build.0 = Release|Any CPU
		{9CDEC8AE-F473-4F51-9044-AD43BAB07CDB}.Debug|Any CPU.ActiveCfg = Debug|Any CPU
		{9CDEC8AE-F473-4F51-9044-AD43BAB07CDB}.Debug|Any CPU.Build.0 = Debug|Any CPU
		{9CDEC8AE-F473-4F51-9044-AD43BAB07CDB}.Release|Any CPU.ActiveCfg = Release|Any CPU
		{9CDEC8AE-F473-4F51-9044-AD43BAB07CDB}.Release|Any CPU.Build.0 = Release|Any CPU
		{ADE6F417-3C74-42DE-AAD2-921F872EFDEE}.Debug|Any CPU.ActiveCfg = Debug|Any CPU
		{ADE6F417-3C74-42DE-AAD2-921F872EFDEE}.Debug|Any CPU.Build.0 = Debug|Any CPU
		{ADE6F417-3C74-42DE-AAD2-921F872EFDEE}.Release|Any CPU.ActiveCfg = Release|Any CPU
		{ADE6F417-3C74-42DE-AAD2-921F872EFDEE}.Release|Any CPU.Build.0 = Release|Any CPU
		{0C5BAFBA-803A-439B-9D21-2D6ED829F334}.Debug|Any CPU.ActiveCfg = Debug|Any CPU
		{0C5BAFBA-803A-439B-9D21-2D6ED829F334}.Debug|Any CPU.Build.0 = Debug|Any CPU
		{0C5BAFBA-803A-439B-9D21-2D6ED829F334}.Release|Any CPU.ActiveCfg = Release|Any CPU
		{0C5BAFBA-803A-439B-9D21-2D6ED829F334}.Release|Any CPU.Build.0 = Release|Any CPU
		{1FA89533-77B6-48BE-B401-9714E72D6CD5}.Debug|Any CPU.ActiveCfg = Debug|Any CPU
		{1FA89533-77B6-48BE-B401-9714E72D6CD5}.Debug|Any CPU.Build.0 = Debug|Any CPU
		{1FA89533-77B6-48BE-B401-9714E72D6CD5}.Release|Any CPU.ActiveCfg = Release|Any CPU
		{1FA89533-77B6-48BE-B401-9714E72D6CD5}.Release|Any CPU.Build.0 = Release|Any CPU
	EndGlobalSection
	GlobalSection(SolutionProperties) = preSolution
		HideSolutionNode = FALSE
	EndGlobalSection
	GlobalSection(ExtensibilityGlobals) = postSolution
		SolutionGuid = {F4CE4DDC-C147-48AB-89C8-3B123040ADCA}
	EndGlobalSection
EndGlobal
